
Microsoft Visual Studio Solution File, Format Version 12.00
# Visual Studio Version 17
VisualStudioVersion = 17.10.35013.160
MinimumVisualStudioVersion = 10.0.40219.1
Project("{2150E333-8FDC-42A3-9474-1A3956D46DE8}") = "src", "src", "{598E60F3-3CC2-4B35-9129-3D6BFC96B64A}"
EndProject
Project("{9A19103F-16F7-4668-BE54-9A1E7A4F7556}") = "SipaksiNew.Api", "SipaksiNew.Api\SipaksiNew.Api.csproj", "{747B705E-7109-4450-9E0D-73A586423980}"
EndProject
Project("{2150E333-8FDC-42A3-9474-1A3956D46DE8}") = "Modules", "Modules", "{B97568C7-4F5B-413B-BFA6-53E142F55C3B}"
EndProject
Project("{2150E333-8FDC-42A3-9474-1A3956D46DE8}") = "User", "User", "{3B93D0EA-6A7D-423F-B4F4-AE6C50A905F1}"
EndProject
Project("{FAE04EC0-301F-11D3-BF4B-00C04F79EFBC}") = "SipaksiNew.Modules.User.Application", "SipaksiNew.Modules.User.Application\SipaksiNew.Modules.User.Application.csproj", "{55CFDDCB-1EFC-4CA6-AFDC-D8ECBEF26EFB}"
EndProject
Project("{FAE04EC0-301F-11D3-BF4B-00C04F79EFBC}") = "SipaksiNew.Modules.User.Domain", "SipaksiNew.Modules.User.Domain\SipaksiNew.Modules.User.Domain.csproj", "{F8D2C04E-937D-465C-BDA3-30662055E9B7}"
EndProject
Project("{FAE04EC0-301F-11D3-BF4B-00C04F79EFBC}") = "SipaksiNew.Modules.User.Infrastructure", "SipaksiNew.Modules.User.Infrastructure\SipaksiNew.Modules.User.Infrastructure.csproj", "{3195AD54-3D62-4BA4-9C97-DBDB2FE8DA91}"
EndProject
Project("{FAE04EC0-301F-11D3-BF4B-00C04F79EFBC}") = "SipaksiNew.Modules.User.Persentation", "SipaksiNew.Modules.User.Persentation\SipaksiNew.Modules.User.Persentation.csproj", "{13123766-6790-4ED7-978F-A8FB28114190}"
EndProject
Project("{2150E333-8FDC-42A3-9474-1A3956D46DE8}") = "Common", "Common", "{672B6AF5-2C58-475C-9D79-709F8FA4F3D7}"
EndProject
Project("{FAE04EC0-301F-11D3-BF4B-00C04F79EFBC}") = "SipaksiNew.Common.Application", "SipaksiNew.Common.Application\SipaksiNew.Common.Application.csproj", "{A54DA0DC-6A26-4654-AAC2-CC2060CFEF4F}"
EndProject
Project("{FAE04EC0-301F-11D3-BF4B-00C04F79EFBC}") = "SipaksiNew.Common.Domain", "SipaksiNew.Common.Domain\SipaksiNew.Common.Domain.csproj", "{4CF3B309-157F-44D5-9F43-9C7454F061BC}"
EndProject
Project("{FAE04EC0-301F-11D3-BF4B-00C04F79EFBC}") = "SipaksiNew.Common.Infrastructure", "SipaksiNew.Common.Infrastructure\SipaksiNew.Common.Infrastructure.csproj", "{FB0E3E83-8756-40DF-ADA7-3CEC5C782A90}"
EndProject
Global
	GlobalSection(SolutionConfigurationPlatforms) = preSolution
		Debug|Any CPU = Debug|Any CPU
		Release|Any CPU = Release|Any CPU
	EndGlobalSection
	GlobalSection(ProjectConfigurationPlatforms) = postSolution
		{747B705E-7109-4450-9E0D-73A586423980}.Debug|Any CPU.ActiveCfg = Debug|Any CPU
		{747B705E-7109-4450-9E0D-73A586423980}.Debug|Any CPU.Build.0 = Debug|Any CPU
		{747B705E-7109-4450-9E0D-73A586423980}.Release|Any CPU.ActiveCfg = Release|Any CPU
		{747B705E-7109-4450-9E0D-73A586423980}.Release|Any CPU.Build.0 = Release|Any CPU
		{55CFDDCB-1EFC-4CA6-AFDC-D8ECBEF26EFB}.Debug|Any CPU.ActiveCfg = Debug|Any CPU
		{55CFDDCB-1EFC-4CA6-AFDC-D8ECBEF26EFB}.Debug|Any CPU.Build.0 = Debug|Any CPU
		{55CFDDCB-1EFC-4CA6-AFDC-D8ECBEF26EFB}.Release|Any CPU.ActiveCfg = Release|Any CPU
		{55CFDDCB-1EFC-4CA6-AFDC-D8ECBEF26EFB}.Release|Any CPU.Build.0 = Release|Any CPU
		{F8D2C04E-937D-465C-BDA3-30662055E9B7}.Debug|Any CPU.ActiveCfg = Debug|Any CPU
		{F8D2C04E-937D-465C-BDA3-30662055E9B7}.Debug|Any CPU.Build.0 = Debug|Any CPU
		{F8D2C04E-937D-465C-BDA3-30662055E9B7}.Release|Any CPU.ActiveCfg = Release|Any CPU
		{F8D2C04E-937D-465C-BDA3-30662055E9B7}.Release|Any CPU.Build.0 = Release|Any CPU
		{3195AD54-3D62-4BA4-9C97-DBDB2FE8DA91}.Debug|Any CPU.ActiveCfg = Debug|Any CPU
		{3195AD54-3D62-4BA4-9C97-DBDB2FE8DA91}.Debug|Any CPU.Build.0 = Debug|Any CPU
		{3195AD54-3D62-4BA4-9C97-DBDB2FE8DA91}.Release|Any CPU.ActiveCfg = Release|Any CPU
		{3195AD54-3D62-4BA4-9C97-DBDB2FE8DA91}.Release|Any CPU.Build.0 = Release|Any CPU
		{13123766-6790-4ED7-978F-A8FB28114190}.Debug|Any CPU.ActiveCfg = Debug|Any CPU
		{13123766-6790-4ED7-978F-A8FB28114190}.Debug|Any CPU.Build.0 = Debug|Any CPU
		{13123766-6790-4ED7-978F-A8FB28114190}.Release|Any CPU.ActiveCfg = Release|Any CPU
		{13123766-6790-4ED7-978F-A8FB28114190}.Release|Any CPU.Build.0 = Release|Any CPU
		{A54DA0DC-6A26-4654-AAC2-CC2060CFEF4F}.Debug|Any CPU.ActiveCfg = Debug|Any CPU
		{A54DA0DC-6A26-4654-AAC2-CC2060CFEF4F}.Debug|Any CPU.Build.0 = Debug|Any CPU
		{A54DA0DC-6A26-4654-AAC2-CC2060CFEF4F}.Release|Any CPU.ActiveCfg = Release|Any CPU
		{A54DA0DC-6A26-4654-AAC2-CC2060CFEF4F}.Release|Any CPU.Build.0 = Release|Any CPU
		{4CF3B309-157F-44D5-9F43-9C7454F061BC}.Debug|Any CPU.ActiveCfg = Debug|Any CPU
		{4CF3B309-157F-44D5-9F43-9C7454F061BC}.Debug|Any CPU.Build.0 = Debug|Any CPU
		{4CF3B309-157F-44D5-9F43-9C7454F061BC}.Release|Any CPU.ActiveCfg = Release|Any CPU
		{4CF3B309-157F-44D5-9F43-9C7454F061BC}.Release|Any CPU.Build.0 = Release|Any CPU
		{FB0E3E83-8756-40DF-ADA7-3CEC5C782A90}.Debug|Any CPU.ActiveCfg = Debug|Any CPU
		{FB0E3E83-8756-40DF-ADA7-3CEC5C782A90}.Debug|Any CPU.Build.0 = Debug|Any CPU
		{FB0E3E83-8756-40DF-ADA7-3CEC5C782A90}.Release|Any CPU.ActiveCfg = Release|Any CPU
		{FB0E3E83-8756-40DF-ADA7-3CEC5C782A90}.Release|Any CPU.Build.0 = Release|Any CPU
	EndGlobalSection
	GlobalSection(SolutionProperties) = preSolution
		HideSolutionNode = FALSE
	EndGlobalSection
	GlobalSection(NestedProjects) = preSolution
		{747B705E-7109-4450-9E0D-73A586423980} = {598E60F3-3CC2-4B35-9129-3D6BFC96B64A}
		{B97568C7-4F5B-413B-BFA6-53E142F55C3B} = {598E60F3-3CC2-4B35-9129-3D6BFC96B64A}
		{3B93D0EA-6A7D-423F-B4F4-AE6C50A905F1} = {B97568C7-4F5B-413B-BFA6-53E142F55C3B}
		{55CFDDCB-1EFC-4CA6-AFDC-D8ECBEF26EFB} = {3B93D0EA-6A7D-423F-B4F4-AE6C50A905F1}
		{F8D2C04E-937D-465C-BDA3-30662055E9B7} = {3B93D0EA-6A7D-423F-B4F4-AE6C50A905F1}
		{3195AD54-3D62-4BA4-9C97-DBDB2FE8DA91} = {3B93D0EA-6A7D-423F-B4F4-AE6C50A905F1}
		{13123766-6790-4ED7-978F-A8FB28114190} = {3B93D0EA-6A7D-423F-B4F4-AE6C50A905F1}
		{672B6AF5-2C58-475C-9D79-709F8FA4F3D7} = {598E60F3-3CC2-4B35-9129-3D6BFC96B64A}
		{A54DA0DC-6A26-4654-AAC2-CC2060CFEF4F} = {672B6AF5-2C58-475C-9D79-709F8FA4F3D7}
		{4CF3B309-157F-44D5-9F43-9C7454F061BC} = {672B6AF5-2C58-475C-9D79-709F8FA4F3D7}
		{FB0E3E83-8756-40DF-ADA7-3CEC5C782A90} = {672B6AF5-2C58-475C-9D79-709F8FA4F3D7}
	EndGlobalSection
	GlobalSection(ExtensibilityGlobals) = postSolution
		SolutionGuid = {7288799A-A713-4757-9C85-14B49B774920}
	EndGlobalSection
EndGlobal
